// !$*UTF8*$!
{
	archiveVersion = 1;
	classes = {
	};
	objectVersion = 56;
	objects = {

/* Begin PBXBuildFile section */
		2D05A8772B825C5F00190ACB /* AppDelegate.swift in Sources */ = {isa = PBXBuildFile; fileRef = 2D05A8762B825C5F00190ACB /* AppDelegate.swift */; };
		2D05A87B2B825C5F00190ACB /* ViewController.swift in Sources */ = {isa = PBXBuildFile; fileRef = 2D05A87A2B825C5F00190ACB /* ViewController.swift */; };
		2D05A87E2B825C5F00190ACB /* Main.storyboard in Resources */ = {isa = PBXBuildFile; fileRef = 2D05A87C2B825C5F00190ACB /* Main.storyboard */; };
		2D05A8812B825C5F00190ACB /* Movemedical.xcdatamodeld in Sources */ = {isa = PBXBuildFile; fileRef = 2D05A87F2B825C5F00190ACB /* Movemedical.xcdatamodeld */; };
		2D05A8832B825C6400190ACB /* Assets.xcassets in Resources */ = {isa = PBXBuildFile; fileRef = 2D05A8822B825C6400190ACB /* Assets.xcassets */; };
		2D05A8862B825C6400190ACB /* LaunchScreen.storyboard in Resources */ = {isa = PBXBuildFile; fileRef = 2D05A8842B825C6400190ACB /* LaunchScreen.storyboard */; };
		2D05A8912B825C6400190ACB /* MovemedicalTests.swift in Sources */ = {isa = PBXBuildFile; fileRef = 2D05A8902B825C6400190ACB /* MovemedicalTests.swift */; };
		2D05A89B2B825C6400190ACB /* MovemedicalUITests.swift in Sources */ = {isa = PBXBuildFile; fileRef = 2D05A89A2B825C6400190ACB /* MovemedicalUITests.swift */; };
		2D05A89D2B825C6400190ACB /* MovemedicalUITestsLaunchTests.swift in Sources */ = {isa = PBXBuildFile; fileRef = 2D05A89C2B825C6400190ACB /* MovemedicalUITestsLaunchTests.swift */; };
		2DC561FA2B828E3600B935F6 /* Localizable.xcstrings in Resources */ = {isa = PBXBuildFile; fileRef = 2DC561F92B828E3600B935F6 /* Localizable.xcstrings */; };
		2DC562202B82917B00B935F6 /* Constants.swift in Sources */ = {isa = PBXBuildFile; fileRef = 2DC561FC2B82917A00B935F6 /* Constants.swift */; };
		2DC562212B82917B00B935F6 /* URLFormatter.swift in Sources */ = {isa = PBXBuildFile; fileRef = 2DC561FE2B82917A00B935F6 /* URLFormatter.swift */; };
		2DC562222B82917B00B935F6 /* AppCoordinator.swift in Sources */ = {isa = PBXBuildFile; fileRef = 2DC562002B82917A00B935F6 /* AppCoordinator.swift */; };
		2DC562232B82917B00B935F6 /* NetworkLayerService.swift in Sources */ = {isa = PBXBuildFile; fileRef = 2DC562022B82917A00B935F6 /* NetworkLayerService.swift */; };
		2DC562242B82917B00B935F6 /* Requestable.swift in Sources */ = {isa = PBXBuildFile; fileRef = 2DC562042B82917A00B935F6 /* Requestable.swift */; };
		2DC562252B82917B00B935F6 /* ViewControllerProtocol.swift in Sources */ = {isa = PBXBuildFile; fileRef = 2DC562052B82917A00B935F6 /* ViewControllerProtocol.swift */; };
		2DC562262B82917B00B935F6 /* ErrorHandlerProtocol.swift in Sources */ = {isa = PBXBuildFile; fileRef = 2DC562062B82917A00B935F6 /* ErrorHandlerProtocol.swift */; };
		2DC562272B82917B00B935F6 /* Configurable.swift in Sources */ = {isa = PBXBuildFile; fileRef = 2DC562072B82917A00B935F6 /* Configurable.swift */; };
		2DC562282B82917B00B935F6 /* Reusable.swift in Sources */ = {isa = PBXBuildFile; fileRef = 2DC562082B82917A00B935F6 /* Reusable.swift */; };
		2DC562292B82917B00B935F6 /* NavigationBarProtocol.swift in Sources */ = {isa = PBXBuildFile; fileRef = 2DC562092B82917A00B935F6 /* NavigationBarProtocol.swift */; };
		2DC5622A2B82917B00B935F6 /* Presentable.swift in Sources */ = {isa = PBXBuildFile; fileRef = 2DC5620A2B82917A00B935F6 /* Presentable.swift */; };
		2DC5622B2B82917B00B935F6 /* ActivityIndicatorPresentable.swift in Sources */ = {isa = PBXBuildFile; fileRef = 2DC5620B2B82917A00B935F6 /* ActivityIndicatorPresentable.swift */; };
		2DC5622C2B82917B00B935F6 /* ViewStyleable.swift in Sources */ = {isa = PBXBuildFile; fileRef = 2DC5620C2B82917A00B935F6 /* ViewStyleable.swift */; };
		2DC5622D2B82917B00B935F6 /* Loadable.swift in Sources */ = {isa = PBXBuildFile; fileRef = 2DC5620D2B82917A00B935F6 /* Loadable.swift */; };
		2DC5622E2B82917B00B935F6 /* Utility.swift in Sources */ = {isa = PBXBuildFile; fileRef = 2DC5620F2B82917A00B935F6 /* Utility.swift */; };
		2DC5622F2B82917B00B935F6 /* AppointmentRepository.swift in Sources */ = {isa = PBXBuildFile; fileRef = 2DC562122B82917A00B935F6 /* AppointmentRepository.swift */; };
		2DC562302B82917B00B935F6 /* NetworkResponse.swift in Sources */ = {isa = PBXBuildFile; fileRef = 2DC562142B82917A00B935F6 /* NetworkResponse.swift */; };
		2DC562322B82917B00B935F6 /* HTTPRequest.swift in Sources */ = {isa = PBXBuildFile; fileRef = 2DC562162B82917A00B935F6 /* HTTPRequest.swift */; };
		2DC562342B82917B00B935F6 /* AppointmentAPIService.swift in Sources */ = {isa = PBXBuildFile; fileRef = 2DC562192B82917A00B935F6 /* AppointmentAPIService.swift */; };
		2DC562352B82917B00B935F6 /* Reachability.swift in Sources */ = {isa = PBXBuildFile; fileRef = 2DC5621B2B82917A00B935F6 /* Reachability.swift */; };
		2DC562372B82917B00B935F6 /* String+Extensions.swift in Sources */ = {isa = PBXBuildFile; fileRef = 2DC5621E2B82917B00B935F6 /* String+Extensions.swift */; };
		2DC562382B82917B00B935F6 /* Reachability+Extensions.swift in Sources */ = {isa = PBXBuildFile; fileRef = 2DC5621F2B82917B00B935F6 /* Reachability+Extensions.swift */; };
		2DC5623C2B82928700B935F6 /* CoreDataService.swift in Sources */ = {isa = PBXBuildFile; fileRef = 2DC5623B2B82928700B935F6 /* CoreDataService.swift */; };
		2DC562482B829B5D00B935F6 /* Appointment+CoreDataClass.swift in Sources */ = {isa = PBXBuildFile; fileRef = 2DC562462B829B5D00B935F6 /* Appointment+CoreDataClass.swift */; };
		2DC562492B829B5D00B935F6 /* Appointment+CoreDataProperties.swift in Sources */ = {isa = PBXBuildFile; fileRef = 2DC562472B829B5D00B935F6 /* Appointment+CoreDataProperties.swift */; };
		2DC5624B2B829BE000B935F6 /* AppointmentDBService.swift in Sources */ = {isa = PBXBuildFile; fileRef = 2DC5624A2B829BE000B935F6 /* AppointmentDBService.swift */; };
		2DC562542B833F8400B935F6 /* AppointmentListViewModel.swift in Sources */ = {isa = PBXBuildFile; fileRef = 2DC562532B833F8400B935F6 /* AppointmentListViewModel.swift */; };
		2DC562572B8342D700B935F6 /* SnapKit in Frameworks */ = {isa = PBXBuildFile; productRef = 2DC562562B8342D700B935F6 /* SnapKit */; };
		2DC562592B8342FE00B935F6 /* AppointmentListViewController.swift in Sources */ = {isa = PBXBuildFile; fileRef = 2DC562582B8342FE00B935F6 /* AppointmentListViewController.swift */; };
		2DC5625C2B83435E00B935F6 /* AppointmentListDataSource.swift in Sources */ = {isa = PBXBuildFile; fileRef = 2DC5625B2B83435E00B935F6 /* AppointmentListDataSource.swift */; };
		2DC5625E2B83467500B935F6 /* AppointmentListCell.swift in Sources */ = {isa = PBXBuildFile; fileRef = 2DC5625D2B83467500B935F6 /* AppointmentListCell.swift */; };
		2DC562602B8349B000B935F6 /* AppointmentsCoordinator.swift in Sources */ = {isa = PBXBuildFile; fileRef = 2DC5625F2B8349B000B935F6 /* AppointmentsCoordinator.swift */; };
		2DC562762B83C96900B935F6 /* AppointmentDetailsViewController.swift in Sources */ = {isa = PBXBuildFile; fileRef = 2DC562752B83C96900B935F6 /* AppointmentDetailsViewController.swift */; };
		2DC562782B83C9AF00B935F6 /* AppointmentDetailsViewModel.swift in Sources */ = {isa = PBXBuildFile; fileRef = 2DC562772B83C9AF00B935F6 /* AppointmentDetailsViewModel.swift */; };
		2DC562802B8518C500B935F6 /* AppointmentDetailsViewController.xib in Resources */ = {isa = PBXBuildFile; fileRef = 2DC5627F2B8518C500B935F6 /* AppointmentDetailsViewController.xib */; };
		2DC562822B86134D00B935F6 /* Date+Extensions.swift in Sources */ = {isa = PBXBuildFile; fileRef = 2DC562812B86134D00B935F6 /* Date+Extensions.swift */; };
		2DC562842B86189600B935F6 /* AppointmentRowViewModel.swift in Sources */ = {isa = PBXBuildFile; fileRef = 2DC562832B86189600B935F6 /* AppointmentRowViewModel.swift */; };
		2DC562872B8625AD00B935F6 /* KeyboardObserver.swift in Sources */ = {isa = PBXBuildFile; fileRef = 2DC562862B8625AD00B935F6 /* KeyboardObserver.swift */; };
/* End PBXBuildFile section */

/* Begin PBXContainerItemProxy section */
		2D05A88D2B825C6400190ACB /* PBXContainerItemProxy */ = {
			isa = PBXContainerItemProxy;
			containerPortal = 2D05A86B2B825C5F00190ACB /* Project object */;
			proxyType = 1;
			remoteGlobalIDString = 2D05A8722B825C5F00190ACB;
			remoteInfo = Movemedical;
		};
		2D05A8972B825C6400190ACB /* PBXContainerItemProxy */ = {
			isa = PBXContainerItemProxy;
			containerPortal = 2D05A86B2B825C5F00190ACB /* Project object */;
			proxyType = 1;
			remoteGlobalIDString = 2D05A8722B825C5F00190ACB;
			remoteInfo = Movemedical;
		};
/* End PBXContainerItemProxy section */

/* Begin PBXFileReference section */
		2D05A8732B825C5F00190ACB /* Movemedical.app */ = {isa = PBXFileReference; explicitFileType = wrapper.application; includeInIndex = 0; path = Movemedical.app; sourceTree = BUILT_PRODUCTS_DIR; };
		2D05A8762B825C5F00190ACB /* AppDelegate.swift */ = {isa = PBXFileReference; lastKnownFileType = sourcecode.swift; path = AppDelegate.swift; sourceTree = "<group>"; };
		2D05A87A2B825C5F00190ACB /* ViewController.swift */ = {isa = PBXFileReference; lastKnownFileType = sourcecode.swift; path = ViewController.swift; sourceTree = "<group>"; };
		2D05A87D2B825C5F00190ACB /* Base */ = {isa = PBXFileReference; lastKnownFileType = file.storyboard; name = Base; path = Base.lproj/Main.storyboard; sourceTree = "<group>"; };
		2D05A8802B825C5F00190ACB /* Movemedical.xcdatamodel */ = {isa = PBXFileReference; lastKnownFileType = wrapper.xcdatamodel; path = Movemedical.xcdatamodel; sourceTree = "<group>"; };
		2D05A8822B825C6400190ACB /* Assets.xcassets */ = {isa = PBXFileReference; lastKnownFileType = folder.assetcatalog; path = Assets.xcassets; sourceTree = "<group>"; };
		2D05A8852B825C6400190ACB /* Base */ = {isa = PBXFileReference; lastKnownFileType = file.storyboard; name = Base; path = Base.lproj/LaunchScreen.storyboard; sourceTree = "<group>"; };
		2D05A8872B825C6400190ACB /* Info.plist */ = {isa = PBXFileReference; lastKnownFileType = text.plist.xml; path = Info.plist; sourceTree = "<group>"; };
		2D05A88C2B825C6400190ACB /* MovemedicalTests.xctest */ = {isa = PBXFileReference; explicitFileType = wrapper.cfbundle; includeInIndex = 0; path = MovemedicalTests.xctest; sourceTree = BUILT_PRODUCTS_DIR; };
		2D05A8902B825C6400190ACB /* MovemedicalTests.swift */ = {isa = PBXFileReference; lastKnownFileType = sourcecode.swift; path = MovemedicalTests.swift; sourceTree = "<group>"; };
		2D05A8962B825C6400190ACB /* MovemedicalUITests.xctest */ = {isa = PBXFileReference; explicitFileType = wrapper.cfbundle; includeInIndex = 0; path = MovemedicalUITests.xctest; sourceTree = BUILT_PRODUCTS_DIR; };
		2D05A89A2B825C6400190ACB /* MovemedicalUITests.swift */ = {isa = PBXFileReference; lastKnownFileType = sourcecode.swift; path = MovemedicalUITests.swift; sourceTree = "<group>"; };
		2D05A89C2B825C6400190ACB /* MovemedicalUITestsLaunchTests.swift */ = {isa = PBXFileReference; lastKnownFileType = sourcecode.swift; path = MovemedicalUITestsLaunchTests.swift; sourceTree = "<group>"; };
		2DC561F92B828E3600B935F6 /* Localizable.xcstrings */ = {isa = PBXFileReference; lastKnownFileType = text.json.xcstrings; path = Localizable.xcstrings; sourceTree = "<group>"; };
		2DC561FC2B82917A00B935F6 /* Constants.swift */ = {isa = PBXFileReference; fileEncoding = 4; lastKnownFileType = sourcecode.swift; path = Constants.swift; sourceTree = "<group>"; };
		2DC561FE2B82917A00B935F6 /* URLFormatter.swift */ = {isa = PBXFileReference; fileEncoding = 4; lastKnownFileType = sourcecode.swift; path = URLFormatter.swift; sourceTree = "<group>"; };
		2DC562002B82917A00B935F6 /* AppCoordinator.swift */ = {isa = PBXFileReference; fileEncoding = 4; lastKnownFileType = sourcecode.swift; path = AppCoordinator.swift; sourceTree = "<group>"; };
		2DC562022B82917A00B935F6 /* NetworkLayerService.swift */ = {isa = PBXFileReference; fileEncoding = 4; lastKnownFileType = sourcecode.swift; path = NetworkLayerService.swift; sourceTree = "<group>"; };
		2DC562042B82917A00B935F6 /* Requestable.swift */ = {isa = PBXFileReference; fileEncoding = 4; lastKnownFileType = sourcecode.swift; path = Requestable.swift; sourceTree = "<group>"; };
		2DC562052B82917A00B935F6 /* ViewControllerProtocol.swift */ = {isa = PBXFileReference; fileEncoding = 4; lastKnownFileType = sourcecode.swift; path = ViewControllerProtocol.swift; sourceTree = "<group>"; };
		2DC562062B82917A00B935F6 /* ErrorHandlerProtocol.swift */ = {isa = PBXFileReference; fileEncoding = 4; lastKnownFileType = sourcecode.swift; path = ErrorHandlerProtocol.swift; sourceTree = "<group>"; };
		2DC562072B82917A00B935F6 /* Configurable.swift */ = {isa = PBXFileReference; fileEncoding = 4; lastKnownFileType = sourcecode.swift; path = Configurable.swift; sourceTree = "<group>"; };
		2DC562082B82917A00B935F6 /* Reusable.swift */ = {isa = PBXFileReference; fileEncoding = 4; lastKnownFileType = sourcecode.swift; path = Reusable.swift; sourceTree = "<group>"; };
		2DC562092B82917A00B935F6 /* NavigationBarProtocol.swift */ = {isa = PBXFileReference; fileEncoding = 4; lastKnownFileType = sourcecode.swift; path = NavigationBarProtocol.swift; sourceTree = "<group>"; };
		2DC5620A2B82917A00B935F6 /* Presentable.swift */ = {isa = PBXFileReference; fileEncoding = 4; lastKnownFileType = sourcecode.swift; path = Presentable.swift; sourceTree = "<group>"; };
		2DC5620B2B82917A00B935F6 /* ActivityIndicatorPresentable.swift */ = {isa = PBXFileReference; fileEncoding = 4; lastKnownFileType = sourcecode.swift; path = ActivityIndicatorPresentable.swift; sourceTree = "<group>"; };
		2DC5620C2B82917A00B935F6 /* ViewStyleable.swift */ = {isa = PBXFileReference; fileEncoding = 4; lastKnownFileType = sourcecode.swift; path = ViewStyleable.swift; sourceTree = "<group>"; };
		2DC5620D2B82917A00B935F6 /* Loadable.swift */ = {isa = PBXFileReference; fileEncoding = 4; lastKnownFileType = sourcecode.swift; path = Loadable.swift; sourceTree = "<group>"; };
		2DC5620F2B82917A00B935F6 /* Utility.swift */ = {isa = PBXFileReference; fileEncoding = 4; lastKnownFileType = sourcecode.swift; path = Utility.swift; sourceTree = "<group>"; };
		2DC562122B82917A00B935F6 /* AppointmentRepository.swift */ = {isa = PBXFileReference; fileEncoding = 4; lastKnownFileType = sourcecode.swift; path = AppointmentRepository.swift; sourceTree = "<group>"; };
		2DC562142B82917A00B935F6 /* NetworkResponse.swift */ = {isa = PBXFileReference; fileEncoding = 4; lastKnownFileType = sourcecode.swift; path = NetworkResponse.swift; sourceTree = "<group>"; };
		2DC562162B82917A00B935F6 /* HTTPRequest.swift */ = {isa = PBXFileReference; fileEncoding = 4; lastKnownFileType = sourcecode.swift; path = HTTPRequest.swift; sourceTree = "<group>"; };
		2DC562192B82917A00B935F6 /* AppointmentAPIService.swift */ = {isa = PBXFileReference; fileEncoding = 4; lastKnownFileType = sourcecode.swift; path = AppointmentAPIService.swift; sourceTree = "<group>"; };
		2DC5621B2B82917A00B935F6 /* Reachability.swift */ = {isa = PBXFileReference; fileEncoding = 4; lastKnownFileType = sourcecode.swift; path = Reachability.swift; sourceTree = "<group>"; };
		2DC5621E2B82917B00B935F6 /* String+Extensions.swift */ = {isa = PBXFileReference; fileEncoding = 4; lastKnownFileType = sourcecode.swift; path = "String+Extensions.swift"; sourceTree = "<group>"; };
		2DC5621F2B82917B00B935F6 /* Reachability+Extensions.swift */ = {isa = PBXFileReference; fileEncoding = 4; lastKnownFileType = sourcecode.swift; path = "Reachability+Extensions.swift"; sourceTree = "<group>"; };
		2DC5623B2B82928700B935F6 /* CoreDataService.swift */ = {isa = PBXFileReference; lastKnownFileType = sourcecode.swift; path = CoreDataService.swift; sourceTree = "<group>"; };
		2DC562462B829B5D00B935F6 /* Appointment+CoreDataClass.swift */ = {isa = PBXFileReference; lastKnownFileType = sourcecode.swift; path = "Appointment+CoreDataClass.swift"; sourceTree = "<group>"; };
		2DC562472B829B5D00B935F6 /* Appointment+CoreDataProperties.swift */ = {isa = PBXFileReference; lastKnownFileType = sourcecode.swift; path = "Appointment+CoreDataProperties.swift"; sourceTree = "<group>"; };
		2DC5624A2B829BE000B935F6 /* AppointmentDBService.swift */ = {isa = PBXFileReference; lastKnownFileType = sourcecode.swift; path = AppointmentDBService.swift; sourceTree = "<group>"; };
		2DC562532B833F8400B935F6 /* AppointmentListViewModel.swift */ = {isa = PBXFileReference; lastKnownFileType = sourcecode.swift; path = AppointmentListViewModel.swift; sourceTree = "<group>"; };
		2DC562582B8342FE00B935F6 /* AppointmentListViewController.swift */ = {isa = PBXFileReference; lastKnownFileType = sourcecode.swift; path = AppointmentListViewController.swift; sourceTree = "<group>"; };
		2DC5625B2B83435E00B935F6 /* AppointmentListDataSource.swift */ = {isa = PBXFileReference; lastKnownFileType = sourcecode.swift; path = AppointmentListDataSource.swift; sourceTree = "<group>"; };
		2DC5625D2B83467500B935F6 /* AppointmentListCell.swift */ = {isa = PBXFileReference; lastKnownFileType = sourcecode.swift; path = AppointmentListCell.swift; sourceTree = "<group>"; };
		2DC5625F2B8349B000B935F6 /* AppointmentsCoordinator.swift */ = {isa = PBXFileReference; lastKnownFileType = sourcecode.swift; path = AppointmentsCoordinator.swift; sourceTree = "<group>"; };
		2DC562752B83C96900B935F6 /* AppointmentDetailsViewController.swift */ = {isa = PBXFileReference; lastKnownFileType = sourcecode.swift; path = AppointmentDetailsViewController.swift; sourceTree = "<group>"; };
		2DC562772B83C9AF00B935F6 /* AppointmentDetailsViewModel.swift */ = {isa = PBXFileReference; lastKnownFileType = sourcecode.swift; path = AppointmentDetailsViewModel.swift; sourceTree = "<group>"; };
		2DC5627F2B8518C500B935F6 /* AppointmentDetailsViewController.xib */ = {isa = PBXFileReference; lastKnownFileType = file.xib; path = AppointmentDetailsViewController.xib; sourceTree = "<group>"; };
		2DC562812B86134D00B935F6 /* Date+Extensions.swift */ = {isa = PBXFileReference; lastKnownFileType = sourcecode.swift; path = "Date+Extensions.swift"; sourceTree = "<group>"; };
		2DC562832B86189600B935F6 /* AppointmentRowViewModel.swift */ = {isa = PBXFileReference; lastKnownFileType = sourcecode.swift; path = AppointmentRowViewModel.swift; sourceTree = "<group>"; };
		2DC562862B8625AD00B935F6 /* KeyboardObserver.swift */ = {isa = PBXFileReference; lastKnownFileType = sourcecode.swift; path = KeyboardObserver.swift; sourceTree = "<group>"; };
/* End PBXFileReference section */

/* Begin PBXFrameworksBuildPhase section */
		2D05A8702B825C5F00190ACB /* Frameworks */ = {
			isa = PBXFrameworksBuildPhase;
			buildActionMask = 2147483647;
			files = (
				2DC562572B8342D700B935F6 /* SnapKit in Frameworks */,
			);
			runOnlyForDeploymentPostprocessing = 0;
		};
		2D05A8892B825C6400190ACB /* Frameworks */ = {
			isa = PBXFrameworksBuildPhase;
			buildActionMask = 2147483647;
			files = (
			);
			runOnlyForDeploymentPostprocessing = 0;
		};
		2D05A8932B825C6400190ACB /* Frameworks */ = {
			isa = PBXFrameworksBuildPhase;
			buildActionMask = 2147483647;
			files = (
			);
			runOnlyForDeploymentPostprocessing = 0;
		};
/* End PBXFrameworksBuildPhase section */

/* Begin PBXGroup section */
		2D05A86A2B825C5F00190ACB = {
			isa = PBXGroup;
			children = (
				2D05A8752B825C5F00190ACB /* Movemedical */,
				2D05A88F2B825C6400190ACB /* MovemedicalTests */,
				2D05A8992B825C6400190ACB /* MovemedicalUITests */,
				2D05A8742B825C5F00190ACB /* Products */,
			);
			sourceTree = "<group>";
		};
		2D05A8742B825C5F00190ACB /* Products */ = {
			isa = PBXGroup;
			children = (
				2D05A8732B825C5F00190ACB /* Movemedical.app */,
				2D05A88C2B825C6400190ACB /* MovemedicalTests.xctest */,
				2D05A8962B825C6400190ACB /* MovemedicalUITests.xctest */,
			);
			name = Products;
			sourceTree = "<group>";
		};
		2D05A8752B825C5F00190ACB /* Movemedical */ = {
			isa = PBXGroup;
			children = (
				2D05A8AC2B825C9900190ACB /* AppDelegate */,
				2D05A8A92B825C8E00190ACB /* Common */,
				2D05A8872B825C6400190ACB /* Info.plist */,
				2D05A87C2B825C5F00190ACB /* Main.storyboard */,
				2D05A8AB2B825C9600190ACB /* Resources */,
				2D05A8AA2B825C9400190ACB /* Screens */,
				2D05A87A2B825C5F00190ACB /* ViewController.swift */,
			);
			path = Movemedical;
			sourceTree = "<group>";
		};
		2D05A88F2B825C6400190ACB /* MovemedicalTests */ = {
			isa = PBXGroup;
			children = (
				2D05A8902B825C6400190ACB /* MovemedicalTests.swift */,
			);
			path = MovemedicalTests;
			sourceTree = "<group>";
		};
		2D05A8992B825C6400190ACB /* MovemedicalUITests */ = {
			isa = PBXGroup;
			children = (
				2D05A89A2B825C6400190ACB /* MovemedicalUITests.swift */,
				2D05A89C2B825C6400190ACB /* MovemedicalUITestsLaunchTests.swift */,
			);
			path = MovemedicalUITests;
			sourceTree = "<group>";
		};
		2D05A8A92B825C8E00190ACB /* Common */ = {
			isa = PBXGroup;
			children = (
				2DC561FF2B82917A00B935F6 /* AppCoordinator */,
				2DC561FB2B82917A00B935F6 /* Constants */,
				2DC562102B82917A00B935F6 /* Data */,
				2DC5621C2B82917B00B935F6 /* Extensions */,
				2DC562012B82917A00B935F6 /* NetworkLayerService */,
				2DC561FD2B82917A00B935F6 /* PropertyWrappers */,
				2DC562032B82917A00B935F6 /* Protocols */,
				2DC562852B8625A400B935F6 /* Publishers */,
				2DC5621A2B82917A00B935F6 /* Reachability */,
				2DC5620E2B82917A00B935F6 /* Utility */,
			);
			path = Common;
			sourceTree = "<group>";
		};
		2D05A8AA2B825C9400190ACB /* Screens */ = {
			isa = PBXGroup;
			children = (
				2DC5624C2B833EE400B935F6 /* Appointments */,
			);
			path = Screens;
			sourceTree = "<group>";
		};
		2D05A8AB2B825C9600190ACB /* Resources */ = {
			isa = PBXGroup;
			children = (
				2D05A8AF2B82664A00190ACB /* Assets */,
				2DC5623D2B8294E300B935F6 /* CoreDataModel */,
				2D05A8AD2B82664500190ACB /* LaunchScreen */,
				2D05A8B02B82665A00190ACB /* Localization */,
			);
			path = Resources;
			sourceTree = "<group>";
		};
		2D05A8AC2B825C9900190ACB /* AppDelegate */ = {
			isa = PBXGroup;
			children = (
				2D05A8762B825C5F00190ACB /* AppDelegate.swift */,
			);
			path = AppDelegate;
			sourceTree = "<group>";
		};
		2D05A8AD2B82664500190ACB /* LaunchScreen */ = {
			isa = PBXGroup;
			children = (
				2D05A8842B825C6400190ACB /* LaunchScreen.storyboard */,
			);
			path = LaunchScreen;
			sourceTree = "<group>";
		};
		2D05A8AF2B82664A00190ACB /* Assets */ = {
			isa = PBXGroup;
			children = (
				2D05A8822B825C6400190ACB /* Assets.xcassets */,
			);
			path = Assets;
			sourceTree = "<group>";
		};
		2D05A8B02B82665A00190ACB /* Localization */ = {
			isa = PBXGroup;
			children = (
				2DC561F92B828E3600B935F6 /* Localizable.xcstrings */,
			);
			path = Localization;
			sourceTree = "<group>";
		};
		2DC561FB2B82917A00B935F6 /* Constants */ = {
			isa = PBXGroup;
			children = (
				2DC561FC2B82917A00B935F6 /* Constants.swift */,
			);
			path = Constants;
			sourceTree = "<group>";
		};
		2DC561FD2B82917A00B935F6 /* PropertyWrappers */ = {
			isa = PBXGroup;
			children = (
				2DC561FE2B82917A00B935F6 /* URLFormatter.swift */,
			);
			path = PropertyWrappers;
			sourceTree = "<group>";
		};
		2DC561FF2B82917A00B935F6 /* AppCoordinator */ = {
			isa = PBXGroup;
			children = (
				2DC562002B82917A00B935F6 /* AppCoordinator.swift */,
			);
			path = AppCoordinator;
			sourceTree = "<group>";
		};
		2DC562012B82917A00B935F6 /* NetworkLayerService */ = {
			isa = PBXGroup;
			children = (
				2DC562022B82917A00B935F6 /* NetworkLayerService.swift */,
			);
			path = NetworkLayerService;
			sourceTree = "<group>";
		};
		2DC562032B82917A00B935F6 /* Protocols */ = {
			isa = PBXGroup;
			children = (
				2DC5620B2B82917A00B935F6 /* ActivityIndicatorPresentable.swift */,
				2DC562072B82917A00B935F6 /* Configurable.swift */,
				2DC562062B82917A00B935F6 /* ErrorHandlerProtocol.swift */,
				2DC5620D2B82917A00B935F6 /* Loadable.swift */,
				2DC562092B82917A00B935F6 /* NavigationBarProtocol.swift */,
				2DC5620A2B82917A00B935F6 /* Presentable.swift */,
				2DC562042B82917A00B935F6 /* Requestable.swift */,
				2DC562082B82917A00B935F6 /* Reusable.swift */,
				2DC562052B82917A00B935F6 /* ViewControllerProtocol.swift */,
				2DC5620C2B82917A00B935F6 /* ViewStyleable.swift */,
			);
			path = Protocols;
			sourceTree = "<group>";
		};
		2DC5620E2B82917A00B935F6 /* Utility */ = {
			isa = PBXGroup;
			children = (
				2DC5620F2B82917A00B935F6 /* Utility.swift */,
			);
			path = Utility;
			sourceTree = "<group>";
		};
		2DC562102B82917A00B935F6 /* Data */ = {
			isa = PBXGroup;
			children = (
				2DC562392B82926A00B935F6 /* CoreData */,
				2DC562112B82917A00B935F6 /* Repository */,
				2DC562132B82917A00B935F6 /* Model */,
				2DC562182B82917A00B935F6 /* DAL */,
			);
			path = Data;
			sourceTree = "<group>";
		};
		2DC562112B82917A00B935F6 /* Repository */ = {
			isa = PBXGroup;
			children = (
				2DC562122B82917A00B935F6 /* AppointmentRepository.swift */,
			);
			path = Repository;
			sourceTree = "<group>";
		};
		2DC562132B82917A00B935F6 /* Model */ = {
			isa = PBXGroup;
			children = (
				2DC562462B829B5D00B935F6 /* Appointment+CoreDataClass.swift */,
				2DC562472B829B5D00B935F6 /* Appointment+CoreDataProperties.swift */,
				2DC562162B82917A00B935F6 /* HTTPRequest.swift */,
				2DC562142B82917A00B935F6 /* NetworkResponse.swift */,
			);
			path = Model;
			sourceTree = "<group>";
		};
		2DC562182B82917A00B935F6 /* DAL */ = {
			isa = PBXGroup;
			children = (
				2DC562192B82917A00B935F6 /* AppointmentAPIService.swift */,
				2DC5624A2B829BE000B935F6 /* AppointmentDBService.swift */,
			);
			path = DAL;
			sourceTree = "<group>";
		};
		2DC5621A2B82917A00B935F6 /* Reachability */ = {
			isa = PBXGroup;
			children = (
				2DC5621B2B82917A00B935F6 /* Reachability.swift */,
			);
			path = Reachability;
			sourceTree = "<group>";
		};
		2DC5621C2B82917B00B935F6 /* Extensions */ = {
			isa = PBXGroup;
			children = (
				2DC562812B86134D00B935F6 /* Date+Extensions.swift */,
				2DC5621F2B82917B00B935F6 /* Reachability+Extensions.swift */,
				2DC5621E2B82917B00B935F6 /* String+Extensions.swift */,
			);
			path = Extensions;
			sourceTree = "<group>";
		};
		2DC562392B82926A00B935F6 /* CoreData */ = {
			isa = PBXGroup;
			children = (
				2DC5623B2B82928700B935F6 /* CoreDataService.swift */,
			);
			path = CoreData;
			sourceTree = "<group>";
		};
		2DC5623D2B8294E300B935F6 /* CoreDataModel */ = {
			isa = PBXGroup;
			children = (
				2D05A87F2B825C5F00190ACB /* Movemedical.xcdatamodeld */,
			);
			path = CoreDataModel;
			sourceTree = "<group>";
		};
		2DC5624C2B833EE400B935F6 /* Appointments */ = {
			isa = PBXGroup;
			children = (
				2DC5625A2B83430700B935F6 /* Coordinator */,
				2DC562522B833F5000B935F6 /* Details */,
				2DC562512B833F4A00B935F6 /* List */,
			);
			path = Appointments;
			sourceTree = "<group>";
		};
		2DC5624D2B833EF100B935F6 /* View */ = {
			isa = PBXGroup;
			children = (
				2DC5625D2B83467500B935F6 /* AppointmentListCell.swift */,
			);
			path = View;
			sourceTree = "<group>";
		};
		2DC5624E2B833EF400B935F6 /* ViewModel */ = {
			isa = PBXGroup;
			children = (
				2DC562532B833F8400B935F6 /* AppointmentListViewModel.swift */,
				2DC562832B86189600B935F6 /* AppointmentRowViewModel.swift */,
			);
			path = ViewModel;
			sourceTree = "<group>";
		};
		2DC5624F2B833EF700B935F6 /* DataSource */ = {
			isa = PBXGroup;
			children = (
				2DC5625B2B83435E00B935F6 /* AppointmentListDataSource.swift */,
			);
			path = DataSource;
			sourceTree = "<group>";
		};
		2DC562502B833EFC00B935F6 /* Controller */ = {
			isa = PBXGroup;
			children = (
				2DC562582B8342FE00B935F6 /* AppointmentListViewController.swift */,
			);
			path = Controller;
			sourceTree = "<group>";
		};
		2DC562512B833F4A00B935F6 /* List */ = {
			isa = PBXGroup;
			children = (
				2DC562502B833EFC00B935F6 /* Controller */,
				2DC5624F2B833EF700B935F6 /* DataSource */,
				2DC5624D2B833EF100B935F6 /* View */,
				2DC5624E2B833EF400B935F6 /* ViewModel */,
			);
			path = List;
			sourceTree = "<group>";
		};
		2DC562522B833F5000B935F6 /* Details */ = {
			isa = PBXGroup;
			children = (
				2DC562712B83C92800B935F6 /* Controller */,
				2DC562732B83C93400B935F6 /* View */,
				2DC562722B83C92E00B935F6 /* ViewModel */,
			);
			path = Details;
			sourceTree = "<group>";
		};
		2DC5625A2B83430700B935F6 /* Coordinator */ = {
			isa = PBXGroup;
			children = (
				2DC5625F2B8349B000B935F6 /* AppointmentsCoordinator.swift */,
			);
			path = Coordinator;
			sourceTree = "<group>";
		};
		2DC562712B83C92800B935F6 /* Controller */ = {
			isa = PBXGroup;
			children = (
				2DC562752B83C96900B935F6 /* AppointmentDetailsViewController.swift */,
				2DC5627F2B8518C500B935F6 /* AppointmentDetailsViewController.xib */,
			);
			path = Controller;
			sourceTree = "<group>";
		};
		2DC562722B83C92E00B935F6 /* ViewModel */ = {
			isa = PBXGroup;
			children = (
				2DC562772B83C9AF00B935F6 /* AppointmentDetailsViewModel.swift */,
			);
			path = ViewModel;
			sourceTree = "<group>";
		};
		2DC562732B83C93400B935F6 /* View */ = {
			isa = PBXGroup;
			children = (
			);
			path = View;
			sourceTree = "<group>";
		};
		2DC562852B8625A400B935F6 /* Publishers */ = {
			isa = PBXGroup;
			children = (
				2DC562862B8625AD00B935F6 /* KeyboardObserver.swift */,
			);
			path = Publishers;
			sourceTree = "<group>";
		};
/* End PBXGroup section */

/* Begin PBXNativeTarget section */
		2D05A8722B825C5F00190ACB /* Movemedical */ = {
			isa = PBXNativeTarget;
			buildConfigurationList = 2D05A8A02B825C6400190ACB /* Build configuration list for PBXNativeTarget "Movemedical" */;
			buildPhases = (
				2D05A86F2B825C5F00190ACB /* Sources */,
				2D05A8702B825C5F00190ACB /* Frameworks */,
				2D05A8712B825C5F00190ACB /* Resources */,
			);
			buildRules = (
			);
			dependencies = (
			);
			name = Movemedical;
			packageProductDependencies = (
				2DC562562B8342D700B935F6 /* SnapKit */,
			);
			productName = Movemedical;
			productReference = 2D05A8732B825C5F00190ACB /* Movemedical.app */;
			productType = "com.apple.product-type.application";
		};
		2D05A88B2B825C6400190ACB /* MovemedicalTests */ = {
			isa = PBXNativeTarget;
			buildConfigurationList = 2D05A8A32B825C6400190ACB /* Build configuration list for PBXNativeTarget "MovemedicalTests" */;
			buildPhases = (
				2D05A8882B825C6400190ACB /* Sources */,
				2D05A8892B825C6400190ACB /* Frameworks */,
				2D05A88A2B825C6400190ACB /* Resources */,
			);
			buildRules = (
			);
			dependencies = (
				2D05A88E2B825C6400190ACB /* PBXTargetDependency */,
			);
			name = MovemedicalTests;
			productName = MovemedicalTests;
			productReference = 2D05A88C2B825C6400190ACB /* MovemedicalTests.xctest */;
			productType = "com.apple.product-type.bundle.unit-test";
		};
		2D05A8952B825C6400190ACB /* MovemedicalUITests */ = {
			isa = PBXNativeTarget;
			buildConfigurationList = 2D05A8A62B825C6400190ACB /* Build configuration list for PBXNativeTarget "MovemedicalUITests" */;
			buildPhases = (
				2D05A8922B825C6400190ACB /* Sources */,
				2D05A8932B825C6400190ACB /* Frameworks */,
				2D05A8942B825C6400190ACB /* Resources */,
			);
			buildRules = (
			);
			dependencies = (
				2D05A8982B825C6400190ACB /* PBXTargetDependency */,
			);
			name = MovemedicalUITests;
			productName = MovemedicalUITests;
			productReference = 2D05A8962B825C6400190ACB /* MovemedicalUITests.xctest */;
			productType = "com.apple.product-type.bundle.ui-testing";
		};
/* End PBXNativeTarget section */

/* Begin PBXProject section */
		2D05A86B2B825C5F00190ACB /* Project object */ = {
			isa = PBXProject;
			attributes = {
				BuildIndependentTargetsInParallel = 1;
				LastSwiftUpdateCheck = 1520;
				LastUpgradeCheck = 1520;
				ORGANIZATIONNAME = CocodeLab;
				TargetAttributes = {
					2D05A8722B825C5F00190ACB = {
						CreatedOnToolsVersion = 15.2;
					};
					2D05A88B2B825C6400190ACB = {
						CreatedOnToolsVersion = 15.2;
						TestTargetID = 2D05A8722B825C5F00190ACB;
					};
					2D05A8952B825C6400190ACB = {
						CreatedOnToolsVersion = 15.2;
						TestTargetID = 2D05A8722B825C5F00190ACB;
					};
				};
			};
			buildConfigurationList = 2D05A86E2B825C5F00190ACB /* Build configuration list for PBXProject "Movemedical" */;
			compatibilityVersion = "Xcode 14.0";
			developmentRegion = en;
			hasScannedForEncodings = 0;
			knownRegions = (
				en,
				Base,
			);
			mainGroup = 2D05A86A2B825C5F00190ACB;
			packageReferences = (
				2DC562552B8342D700B935F6 /* XCRemoteSwiftPackageReference "SnapKit" */,
			);
			productRefGroup = 2D05A8742B825C5F00190ACB /* Products */;
			projectDirPath = "";
			projectRoot = "";
			targets = (
				2D05A8722B825C5F00190ACB /* Movemedical */,
				2D05A88B2B825C6400190ACB /* MovemedicalTests */,
				2D05A8952B825C6400190ACB /* MovemedicalUITests */,
			);
		};
/* End PBXProject section */

/* Begin PBXResourcesBuildPhase section */
		2D05A8712B825C5F00190ACB /* Resources */ = {
			isa = PBXResourcesBuildPhase;
			buildActionMask = 2147483647;
			files = (
				2D05A8862B825C6400190ACB /* LaunchScreen.storyboard in Resources */,
				2DC562802B8518C500B935F6 /* AppointmentDetailsViewController.xib in Resources */,
				2D05A8832B825C6400190ACB /* Assets.xcassets in Resources */,
				2DC561FA2B828E3600B935F6 /* Localizable.xcstrings in Resources */,
				2D05A87E2B825C5F00190ACB /* Main.storyboard in Resources */,
			);
			runOnlyForDeploymentPostprocessing = 0;
		};
		2D05A88A2B825C6400190ACB /* Resources */ = {
			isa = PBXResourcesBuildPhase;
			buildActionMask = 2147483647;
			files = (
			);
			runOnlyForDeploymentPostprocessing = 0;
		};
		2D05A8942B825C6400190ACB /* Resources */ = {
			isa = PBXResourcesBuildPhase;
			buildActionMask = 2147483647;
			files = (
			);
			runOnlyForDeploymentPostprocessing = 0;
		};
/* End PBXResourcesBuildPhase section */

/* Begin PBXSourcesBuildPhase section */
		2D05A86F2B825C5F00190ACB /* Sources */ = {
			isa = PBXSourcesBuildPhase;
			buildActionMask = 2147483647;
			files = (
				2DC562212B82917B00B935F6 /* URLFormatter.swift in Sources */,
				2DC562482B829B5D00B935F6 /* Appointment+CoreDataClass.swift in Sources */,
				2DC562202B82917B00B935F6 /* Constants.swift in Sources */,
				2DC562302B82917B00B935F6 /* NetworkResponse.swift in Sources */,
				2DC562382B82917B00B935F6 /* Reachability+Extensions.swift in Sources */,
				2D05A87B2B825C5F00190ACB /* ViewController.swift in Sources */,
				2DC562242B82917B00B935F6 /* Requestable.swift in Sources */,
				2D05A8772B825C5F00190ACB /* AppDelegate.swift in Sources */,
				2DC562322B82917B00B935F6 /* HTTPRequest.swift in Sources */,
				2DC562372B82917B00B935F6 /* String+Extensions.swift in Sources */,
				2DC562872B8625AD00B935F6 /* KeyboardObserver.swift in Sources */,
				2DC562232B82917B00B935F6 /* NetworkLayerService.swift in Sources */,
				2DC5622E2B82917B00B935F6 /* Utility.swift in Sources */,
				2DC5622F2B82917B00B935F6 /* AppointmentRepository.swift in Sources */,
				2DC562282B82917B00B935F6 /* Reusable.swift in Sources */,
				2DC562782B83C9AF00B935F6 /* AppointmentDetailsViewModel.swift in Sources */,
				2DC562272B82917B00B935F6 /* Configurable.swift in Sources */,
				2DC562352B82917B00B935F6 /* Reachability.swift in Sources */,
				2DC5625E2B83467500B935F6 /* AppointmentListCell.swift in Sources */,
				2DC562592B8342FE00B935F6 /* AppointmentListViewController.swift in Sources */,
				2DC562842B86189600B935F6 /* AppointmentRowViewModel.swift in Sources */,
				2DC562762B83C96900B935F6 /* AppointmentDetailsViewController.swift in Sources */,
				2DC5622A2B82917B00B935F6 /* Presentable.swift in Sources */,
				2DC5623C2B82928700B935F6 /* CoreDataService.swift in Sources */,
				2D05A8812B825C5F00190ACB /* Movemedical.xcdatamodeld in Sources */,
				2DC562292B82917B00B935F6 /* NavigationBarProtocol.swift in Sources */,
				2DC562542B833F8400B935F6 /* AppointmentListViewModel.swift in Sources */,
				2DC5622D2B82917B00B935F6 /* Loadable.swift in Sources */,
				2DC562602B8349B000B935F6 /* AppointmentsCoordinator.swift in Sources */,
				2DC5622C2B82917B00B935F6 /* ViewStyleable.swift in Sources */,
				2DC562492B829B5D00B935F6 /* Appointment+CoreDataProperties.swift in Sources */,
				2DC5622B2B82917B00B935F6 /* ActivityIndicatorPresentable.swift in Sources */,
				2DC562342B82917B00B935F6 /* AppointmentAPIService.swift in Sources */,
				2DC562822B86134D00B935F6 /* Date+Extensions.swift in Sources */,
				2DC562262B82917B00B935F6 /* ErrorHandlerProtocol.swift in Sources */,
				2DC5625C2B83435E00B935F6 /* AppointmentListDataSource.swift in Sources */,
				2DC5624B2B829BE000B935F6 /* AppointmentDBService.swift in Sources */,
				2DC562252B82917B00B935F6 /* ViewControllerProtocol.swift in Sources */,
				2DC562222B82917B00B935F6 /* AppCoordinator.swift in Sources */,
			);
			runOnlyForDeploymentPostprocessing = 0;
		};
		2D05A8882B825C6400190ACB /* Sources */ = {
			isa = PBXSourcesBuildPhase;
			buildActionMask = 2147483647;
			files = (
				2D05A8912B825C6400190ACB /* MovemedicalTests.swift in Sources */,
			);
			runOnlyForDeploymentPostprocessing = 0;
		};
		2D05A8922B825C6400190ACB /* Sources */ = {
			isa = PBXSourcesBuildPhase;
			buildActionMask = 2147483647;
			files = (
				2D05A89B2B825C6400190ACB /* MovemedicalUITests.swift in Sources */,
				2D05A89D2B825C6400190ACB /* MovemedicalUITestsLaunchTests.swift in Sources */,
			);
			runOnlyForDeploymentPostprocessing = 0;
		};
/* End PBXSourcesBuildPhase section */

/* Begin PBXTargetDependency section */
		2D05A88E2B825C6400190ACB /* PBXTargetDependency */ = {
			isa = PBXTargetDependency;
			target = 2D05A8722B825C5F00190ACB /* Movemedical */;
			targetProxy = 2D05A88D2B825C6400190ACB /* PBXContainerItemProxy */;
		};
		2D05A8982B825C6400190ACB /* PBXTargetDependency */ = {
			isa = PBXTargetDependency;
			target = 2D05A8722B825C5F00190ACB /* Movemedical */;
			targetProxy = 2D05A8972B825C6400190ACB /* PBXContainerItemProxy */;
		};
/* End PBXTargetDependency section */

/* Begin PBXVariantGroup section */
		2D05A87C2B825C5F00190ACB /* Main.storyboard */ = {
			isa = PBXVariantGroup;
			children = (
				2D05A87D2B825C5F00190ACB /* Base */,
			);
			name = Main.storyboard;
			sourceTree = "<group>";
		};
		2D05A8842B825C6400190ACB /* LaunchScreen.storyboard */ = {
			isa = PBXVariantGroup;
			children = (
				2D05A8852B825C6400190ACB /* Base */,
			);
			name = LaunchScreen.storyboard;
			sourceTree = "<group>";
		};
/* End PBXVariantGroup section */

/* Begin XCBuildConfiguration section */
		2D05A89E2B825C6400190ACB /* Debug */ = {
			isa = XCBuildConfiguration;
			buildSettings = {
				ALWAYS_SEARCH_USER_PATHS = NO;
				ASSETCATALOG_COMPILER_GENERATE_SWIFT_ASSET_SYMBOL_EXTENSIONS = YES;
				CLANG_ANALYZER_NONNULL = YES;
				CLANG_ANALYZER_NUMBER_OBJECT_CONVERSION = YES_AGGRESSIVE;
				CLANG_CXX_LANGUAGE_STANDARD = "gnu++20";
				CLANG_ENABLE_MODULES = YES;
				CLANG_ENABLE_OBJC_ARC = YES;
				CLANG_ENABLE_OBJC_WEAK = YES;
				CLANG_WARN_BLOCK_CAPTURE_AUTORELEASING = YES;
				CLANG_WARN_BOOL_CONVERSION = YES;
				CLANG_WARN_COMMA = YES;
				CLANG_WARN_CONSTANT_CONVERSION = YES;
				CLANG_WARN_DEPRECATED_OBJC_IMPLEMENTATIONS = YES;
				CLANG_WARN_DIRECT_OBJC_ISA_USAGE = YES_ERROR;
				CLANG_WARN_DOCUMENTATION_COMMENTS = YES;
				CLANG_WARN_EMPTY_BODY = YES;
				CLANG_WARN_ENUM_CONVERSION = YES;
				CLANG_WARN_INFINITE_RECURSION = YES;
				CLANG_WARN_INT_CONVERSION = YES;
				CLANG_WARN_NON_LITERAL_NULL_CONVERSION = YES;
				CLANG_WARN_OBJC_IMPLICIT_RETAIN_SELF = YES;
				CLANG_WARN_OBJC_LITERAL_CONVERSION = YES;
				CLANG_WARN_OBJC_ROOT_CLASS = YES_ERROR;
				CLANG_WARN_QUOTED_INCLUDE_IN_FRAMEWORK_HEADER = YES;
				CLANG_WARN_RANGE_LOOP_ANALYSIS = YES;
				CLANG_WARN_STRICT_PROTOTYPES = YES;
				CLANG_WARN_SUSPICIOUS_MOVE = YES;
				CLANG_WARN_UNGUARDED_AVAILABILITY = YES_AGGRESSIVE;
				CLANG_WARN_UNREACHABLE_CODE = YES;
				CLANG_WARN__DUPLICATE_METHOD_MATCH = YES;
				COPY_PHASE_STRIP = NO;
				DEBUG_INFORMATION_FORMAT = dwarf;
				ENABLE_STRICT_OBJC_MSGSEND = YES;
				ENABLE_TESTABILITY = YES;
				ENABLE_USER_SCRIPT_SANDBOXING = YES;
				GCC_C_LANGUAGE_STANDARD = gnu17;
				GCC_DYNAMIC_NO_PIC = NO;
				GCC_NO_COMMON_BLOCKS = YES;
				GCC_OPTIMIZATION_LEVEL = 0;
				GCC_PREPROCESSOR_DEFINITIONS = (
					"DEBUG=1",
					"$(inherited)",
				);
				GCC_WARN_64_TO_32_BIT_CONVERSION = YES;
				GCC_WARN_ABOUT_RETURN_TYPE = YES_ERROR;
				GCC_WARN_UNDECLARED_SELECTOR = YES;
				GCC_WARN_UNINITIALIZED_AUTOS = YES_AGGRESSIVE;
				GCC_WARN_UNUSED_FUNCTION = YES;
				GCC_WARN_UNUSED_VARIABLE = YES;
				IPHONEOS_DEPLOYMENT_TARGET = 17.2;
				LOCALIZATION_PREFERS_STRING_CATALOGS = YES;
				MTL_ENABLE_DEBUG_INFO = INCLUDE_SOURCE;
				MTL_FAST_MATH = YES;
				ONLY_ACTIVE_ARCH = YES;
				SDKROOT = iphoneos;
				SWIFT_ACTIVE_COMPILATION_CONDITIONS = "DEBUG $(inherited)";
				SWIFT_OPTIMIZATION_LEVEL = "-Onone";
			};
			name = Debug;
		};
		2D05A89F2B825C6400190ACB /* Release */ = {
			isa = XCBuildConfiguration;
			buildSettings = {
				ALWAYS_SEARCH_USER_PATHS = NO;
				ASSETCATALOG_COMPILER_GENERATE_SWIFT_ASSET_SYMBOL_EXTENSIONS = YES;
				CLANG_ANALYZER_NONNULL = YES;
				CLANG_ANALYZER_NUMBER_OBJECT_CONVERSION = YES_AGGRESSIVE;
				CLANG_CXX_LANGUAGE_STANDARD = "gnu++20";
				CLANG_ENABLE_MODULES = YES;
				CLANG_ENABLE_OBJC_ARC = YES;
				CLANG_ENABLE_OBJC_WEAK = YES;
				CLANG_WARN_BLOCK_CAPTURE_AUTORELEASING = YES;
				CLANG_WARN_BOOL_CONVERSION = YES;
				CLANG_WARN_COMMA = YES;
				CLANG_WARN_CONSTANT_CONVERSION = YES;
				CLANG_WARN_DEPRECATED_OBJC_IMPLEMENTATIONS = YES;
				CLANG_WARN_DIRECT_OBJC_ISA_USAGE = YES_ERROR;
				CLANG_WARN_DOCUMENTATION_COMMENTS = YES;
				CLANG_WARN_EMPTY_BODY = YES;
				CLANG_WARN_ENUM_CONVERSION = YES;
				CLANG_WARN_INFINITE_RECURSION = YES;
				CLANG_WARN_INT_CONVERSION = YES;
				CLANG_WARN_NON_LITERAL_NULL_CONVERSION = YES;
				CLANG_WARN_OBJC_IMPLICIT_RETAIN_SELF = YES;
				CLANG_WARN_OBJC_LITERAL_CONVERSION = YES;
				CLANG_WARN_OBJC_ROOT_CLASS = YES_ERROR;
				CLANG_WARN_QUOTED_INCLUDE_IN_FRAMEWORK_HEADER = YES;
				CLANG_WARN_RANGE_LOOP_ANALYSIS = YES;
				CLANG_WARN_STRICT_PROTOTYPES = YES;
				CLANG_WARN_SUSPICIOUS_MOVE = YES;
				CLANG_WARN_UNGUARDED_AVAILABILITY = YES_AGGRESSIVE;
				CLANG_WARN_UNREACHABLE_CODE = YES;
				CLANG_WARN__DUPLICATE_METHOD_MATCH = YES;
				COPY_PHASE_STRIP = NO;
				DEBUG_INFORMATION_FORMAT = "dwarf-with-dsym";
				ENABLE_NS_ASSERTIONS = NO;
				ENABLE_STRICT_OBJC_MSGSEND = YES;
				ENABLE_USER_SCRIPT_SANDBOXING = YES;
				GCC_C_LANGUAGE_STANDARD = gnu17;
				GCC_NO_COMMON_BLOCKS = YES;
				GCC_WARN_64_TO_32_BIT_CONVERSION = YES;
				GCC_WARN_ABOUT_RETURN_TYPE = YES_ERROR;
				GCC_WARN_UNDECLARED_SELECTOR = YES;
				GCC_WARN_UNINITIALIZED_AUTOS = YES_AGGRESSIVE;
				GCC_WARN_UNUSED_FUNCTION = YES;
				GCC_WARN_UNUSED_VARIABLE = YES;
				IPHONEOS_DEPLOYMENT_TARGET = 17.2;
				LOCALIZATION_PREFERS_STRING_CATALOGS = YES;
				MTL_ENABLE_DEBUG_INFO = NO;
				MTL_FAST_MATH = YES;
				SDKROOT = iphoneos;
				SWIFT_COMPILATION_MODE = wholemodule;
				VALIDATE_PRODUCT = YES;
			};
			name = Release;
		};
		2D05A8A12B825C6400190ACB /* Debug */ = {
			isa = XCBuildConfiguration;
			buildSettings = {
				ASSETCATALOG_COMPILER_APPICON_NAME = AppIcon;
				ASSETCATALOG_COMPILER_GLOBAL_ACCENT_COLOR_NAME = AccentColor;
				CODE_SIGN_STYLE = Automatic;
				CURRENT_PROJECT_VERSION = 1;
				DEVELOPMENT_TEAM = 7FMDEPCZKJ;
				GENERATE_INFOPLIST_FILE = YES;
				INFOPLIST_FILE = Movemedical/Info.plist;
				INFOPLIST_KEY_UIApplicationSupportsIndirectInputEvents = YES;
				INFOPLIST_KEY_UILaunchStoryboardName = LaunchScreen;
				INFOPLIST_KEY_UIMainStoryboardFile = Main;
				INFOPLIST_KEY_UISupportedInterfaceOrientations_iPad = "UIInterfaceOrientationPortrait UIInterfaceOrientationPortraitUpsideDown UIInterfaceOrientationLandscapeLeft UIInterfaceOrientationLandscapeRight";
				INFOPLIST_KEY_UISupportedInterfaceOrientations_iPhone = "UIInterfaceOrientationPortrait UIInterfaceOrientationLandscapeLeft UIInterfaceOrientationLandscapeRight";
				LD_RUNPATH_SEARCH_PATHS = (
					"$(inherited)",
					"@executable_path/Frameworks",
				);
				MARKETING_VERSION = 1.0;
				PRODUCT_BUNDLE_IDENTIFIER = com.progressioapps.Movemedical;
				PRODUCT_NAME = "$(TARGET_NAME)";
				SWIFT_EMIT_LOC_STRINGS = YES;
				SWIFT_VERSION = 5.0;
				TARGETED_DEVICE_FAMILY = "1,2";
			};
			name = Debug;
		};
		2D05A8A22B825C6400190ACB /* Release */ = {
			isa = XCBuildConfiguration;
			buildSettings = {
				ASSETCATALOG_COMPILER_APPICON_NAME = AppIcon;
				ASSETCATALOG_COMPILER_GLOBAL_ACCENT_COLOR_NAME = AccentColor;
				CODE_SIGN_STYLE = Automatic;
				CURRENT_PROJECT_VERSION = 1;
				DEVELOPMENT_TEAM = 7FMDEPCZKJ;
				GENERATE_INFOPLIST_FILE = YES;
				INFOPLIST_FILE = Movemedical/Info.plist;
				INFOPLIST_KEY_UIApplicationSupportsIndirectInputEvents = YES;
				INFOPLIST_KEY_UILaunchStoryboardName = LaunchScreen;
				INFOPLIST_KEY_UIMainStoryboardFile = Main;
				INFOPLIST_KEY_UISupportedInterfaceOrientations_iPad = "UIInterfaceOrientationPortrait UIInterfaceOrientationPortraitUpsideDown UIInterfaceOrientationLandscapeLeft UIInterfaceOrientationLandscapeRight";
				INFOPLIST_KEY_UISupportedInterfaceOrientations_iPhone = "UIInterfaceOrientationPortrait UIInterfaceOrientationLandscapeLeft UIInterfaceOrientationLandscapeRight";
				LD_RUNPATH_SEARCH_PATHS = (
					"$(inherited)",
					"@executable_path/Frameworks",
				);
				MARKETING_VERSION = 1.0;
				PRODUCT_BUNDLE_IDENTIFIER = com.progressioapps.Movemedical;
				PRODUCT_NAME = "$(TARGET_NAME)";
				SWIFT_EMIT_LOC_STRINGS = YES;
				SWIFT_VERSION = 5.0;
				TARGETED_DEVICE_FAMILY = "1,2";
			};
			name = Release;
		};
		2D05A8A42B825C6400190ACB /* Debug */ = {
			isa = XCBuildConfiguration;
			buildSettings = {
				ALWAYS_EMBED_SWIFT_STANDARD_LIBRARIES = YES;
				BUNDLE_LOADER = "$(TEST_HOST)";
				CODE_SIGN_STYLE = Automatic;
				CURRENT_PROJECT_VERSION = 1;
				DEVELOPMENT_TEAM = 7FMDEPCZKJ;
				GENERATE_INFOPLIST_FILE = YES;
				IPHONEOS_DEPLOYMENT_TARGET = 17.2;
				MARKETING_VERSION = 1.0;
				PRODUCT_BUNDLE_IDENTIFIER = com.progressioapps.MovemedicalTests;
				PRODUCT_NAME = "$(TARGET_NAME)";
				SWIFT_EMIT_LOC_STRINGS = NO;
				SWIFT_VERSION = 5.0;
				TARGETED_DEVICE_FAMILY = "1,2";
				TEST_HOST = "$(BUILT_PRODUCTS_DIR)/Movemedical.app/$(BUNDLE_EXECUTABLE_FOLDER_PATH)/Movemedical";
			};
			name = Debug;
		};
		2D05A8A52B825C6400190ACB /* Release */ = {
			isa = XCBuildConfiguration;
			buildSettings = {
				ALWAYS_EMBED_SWIFT_STANDARD_LIBRARIES = YES;
				BUNDLE_LOADER = "$(TEST_HOST)";
				CODE_SIGN_STYLE = Automatic;
				CURRENT_PROJECT_VERSION = 1;
				DEVELOPMENT_TEAM = 7FMDEPCZKJ;
				GENERATE_INFOPLIST_FILE = YES;
				IPHONEOS_DEPLOYMENT_TARGET = 17.2;
				MARKETING_VERSION = 1.0;
				PRODUCT_BUNDLE_IDENTIFIER = com.progressioapps.MovemedicalTests;
				PRODUCT_NAME = "$(TARGET_NAME)";
				SWIFT_EMIT_LOC_STRINGS = NO;
				SWIFT_VERSION = 5.0;
				TARGETED_DEVICE_FAMILY = "1,2";
				TEST_HOST = "$(BUILT_PRODUCTS_DIR)/Movemedical.app/$(BUNDLE_EXECUTABLE_FOLDER_PATH)/Movemedical";
			};
			name = Release;
		};
		2D05A8A72B825C6400190ACB /* Debug */ = {
			isa = XCBuildConfiguration;
			buildSettings = {
				ALWAYS_EMBED_SWIFT_STANDARD_LIBRARIES = YES;
				CODE_SIGN_STYLE = Automatic;
				CURRENT_PROJECT_VERSION = 1;
				DEVELOPMENT_TEAM = 7FMDEPCZKJ;
				GENERATE_INFOPLIST_FILE = YES;
				MARKETING_VERSION = 1.0;
				PRODUCT_BUNDLE_IDENTIFIER = com.progressioapps.MovemedicalUITests;
				PRODUCT_NAME = "$(TARGET_NAME)";
				SWIFT_EMIT_LOC_STRINGS = NO;
				SWIFT_VERSION = 5.0;
				TARGETED_DEVICE_FAMILY = "1,2";
				TEST_TARGET_NAME = Movemedical;
			};
			name = Debug;
		};
		2D05A8A82B825C6400190ACB /* Release */ = {
			isa = XCBuildConfiguration;
			buildSettings = {
				ALWAYS_EMBED_SWIFT_STANDARD_LIBRARIES = YES;
				CODE_SIGN_STYLE = Automatic;
				CURRENT_PROJECT_VERSION = 1;
				DEVELOPMENT_TEAM = 7FMDEPCZKJ;
				GENERATE_INFOPLIST_FILE = YES;
				MARKETING_VERSION = 1.0;
				PRODUCT_BUNDLE_IDENTIFIER = com.progressioapps.MovemedicalUITests;
				PRODUCT_NAME = "$(TARGET_NAME)";
				SWIFT_EMIT_LOC_STRINGS = NO;
				SWIFT_VERSION = 5.0;
				TARGETED_DEVICE_FAMILY = "1,2";
				TEST_TARGET_NAME = Movemedical;
			};
			name = Release;
		};
/* End XCBuildConfiguration section */

/* Begin XCConfigurationList section */
		2D05A86E2B825C5F00190ACB /* Build configuration list for PBXProject "Movemedical" */ = {
			isa = XCConfigurationList;
			buildConfigurations = (
				2D05A89E2B825C6400190ACB /* Debug */,
				2D05A89F2B825C6400190ACB /* Release */,
			);
			defaultConfigurationIsVisible = 0;
			defaultConfigurationName = Release;
		};
		2D05A8A02B825C6400190ACB /* Build configuration list for PBXNativeTarget "Movemedical" */ = {
			isa = XCConfigurationList;
			buildConfigurations = (
				2D05A8A12B825C6400190ACB /* Debug */,
				2D05A8A22B825C6400190ACB /* Release */,
			);
			defaultConfigurationIsVisible = 0;
			defaultConfigurationName = Release;
		};
		2D05A8A32B825C6400190ACB /* Build configuration list for PBXNativeTarget "MovemedicalTests" */ = {
			isa = XCConfigurationList;
			buildConfigurations = (
				2D05A8A42B825C6400190ACB /* Debug */,
				2D05A8A52B825C6400190ACB /* Release */,
			);
			defaultConfigurationIsVisible = 0;
			defaultConfigurationName = Release;
		};
		2D05A8A62B825C6400190ACB /* Build configuration list for PBXNativeTarget "MovemedicalUITests" */ = {
			isa = XCConfigurationList;
			buildConfigurations = (
				2D05A8A72B825C6400190ACB /* Debug */,
				2D05A8A82B825C6400190ACB /* Release */,
			);
			defaultConfigurationIsVisible = 0;
			defaultConfigurationName = Release;
		};
/* End XCConfigurationList section */

/* Begin XCRemoteSwiftPackageReference section */
		2DC562552B8342D700B935F6 /* XCRemoteSwiftPackageReference "SnapKit" */ = {
			isa = XCRemoteSwiftPackageReference;
			repositoryURL = "https://github.com/SnapKit/SnapKit.git";
			requirement = {
				kind = upToNextMajorVersion;
				minimumVersion = 5.7.1;
			};
		};
/* End XCRemoteSwiftPackageReference section */

/* Begin XCSwiftPackageProductDependency section */
		2DC562562B8342D700B935F6 /* SnapKit */ = {
			isa = XCSwiftPackageProductDependency;
			package = 2DC562552B8342D700B935F6 /* XCRemoteSwiftPackageReference "SnapKit" */;
			productName = SnapKit;
		};
/* End XCSwiftPackageProductDependency section */

/* Begin XCVersionGroup section */
		2D05A87F2B825C5F00190ACB /* Movemedical.xcdatamodeld */ = {
			isa = XCVersionGroup;
			children = (
				2D05A8802B825C5F00190ACB /* Movemedical.xcdatamodel */,
			);
			currentVersion = 2D05A8802B825C5F00190ACB /* Movemedical.xcdatamodel */;
			path = Movemedical.xcdatamodeld;
			sourceTree = "<group>";
			versionGroupType = wrapper.xcdatamodel;
		};
/* End XCVersionGroup section */
	};
	rootObject = 2D05A86B2B825C5F00190ACB /* Project object */;
}
